
Microsoft Visual Studio Solution File, Format Version 12.00
# Visual Studio Version 17
VisualStudioVersion = 17.14.36804.6 d17.14
MinimumVisualStudioVersion = 10.0.40219.1
Project("{FAE04EC0-301F-11D3-BF4B-00C04F79EFBC}") = "lab7", "lab7\lab7.csproj", "{B862FA50-9FC8-4923-878F-A8803E4ECB9B}"
EndProject
Global
	GlobalSection(SolutionConfigurationPlatforms) = preSolution
		Debug|Any CPU = Debug|Any CPU
		Release|Any CPU = Release|Any CPU
	EndGlobalSection
	GlobalSection(ProjectConfigurationPlatforms) = postSolution
		{B862FA50-9FC8-4923-878F-A8803E4ECB9B}.Debug|Any CPU.ActiveCfg = Debug|Any CPU
		{B862FA50-9FC8-4923-878F-A8803E4ECB9B}.Debug|Any CPU.Build.0 = Debug|Any CPU
		{B862FA50-9FC8-4923-878F-A8803E4ECB9B}.Release|Any CPU.ActiveCfg = Release|Any CPU
		{B862FA50-9FC8-4923-878F-A8803E4ECB9B}.Release|Any CPU.Build.0 = Release|Any CPU
	EndGlobalSection
	GlobalSection(SolutionProperties) = preSolution
		HideSolutionNode = FALSE
	EndGlobalSection
	GlobalSection(ExtensibilityGlobals) = postSolution
		SolutionGuid = {94DECD21-222E-48FB-85D0-B1CC3ABF98A4}
	EndGlobalSection
EndGlobal
